{
  "name": "bdb",
  "version": "1.1.3",
  "lockfileVersion": 1,
  "requires": true,
  "dependencies": {
    "bindings": {
      "version": "1.3.1",
      "resolved": "https://registry.npmjs.org/bindings/-/bindings-1.3.1.tgz",
      "integrity": "sha512-i47mqjF9UbjxJhxGf+pZ6kSxrnI3wBLlnGI2ArWJ4r0VrvDS7ZYXkprq/pLaBWYq4GM0r4zdHY+NNRqEMU7uew=="
    },
    "bmocha": {
      "version": "0.1.5",
      "resolved": "https://registry.npmjs.org/bmocha/-/bmocha-0.1.5.tgz",
      "integrity": "sha512-fGbwuCeOrQidTHif/4vODXaDtQzbijU3OjICrjSUvyfightTALODzBybxq1v++A2rA5klCZk7WOp2/nRKLwSuQ==",
      "dev": true
    },
    "bsert": {
      "version": "0.0.6",
      "resolved": "https://registry.npmjs.org/bsert/-/bsert-0.0.6.tgz",
      "integrity": "sha512-Rddj7b623cGW3K4Km8mFdVVhWDfDlm2MjYCwXm8lmhqRuPLVAKylcXNk5v2+QZJP5uW4BqkA8z1C69Fp2CCbRg=="
    }
  }
}
