{
  "name": "bdb",
  "version": "1.2.2",
  "lockfileVersion": 1,
  "requires": true,
  "dependencies": {
    "bmocha": {
      "version": "2.1.4",
      "resolved": "https://registry.npmjs.org/bmocha/-/bmocha-2.1.4.tgz",
      "integrity": "sha512-aYDWPqYAi+rlZkIZsp4jsaaNB5E/KEa+Eq/vC+664fpRzWTeRgPi7zEHSSe7NdO/HBissuFrs6KH2JDCb3DUTg==",
      "dev": true
    },
    "bsert": {
      "version": "0.0.10",
      "resolved": "https://registry.npmjs.org/bsert/-/bsert-0.0.10.tgz",
      "integrity": "sha512-NHNwlac+WPy4t2LoNh8pXk8uaIGH3NSaIUbTTRXGpE2WEbq0te/tDykYHkFK57YKLPjv/aGHmbqvnGeVWDz57Q=="
    },
    "loady": {
      "version": "0.0.5",
      "resolved": "https://registry.npmjs.org/loady/-/loady-0.0.5.tgz",
      "integrity": "sha512-uxKD2HIj042/HBx77NBcmEPsD+hxCgAtjEWlYNScuUjIsh/62Uyu39GOR68TBR68v+jqDL9zfftCWoUo4y03sQ=="
    }
  }
}
